Microsoft Visual Studio Solution File, Format Version 12.00
Project("{FAE04EC0-301F-11D3-BF4B-00C04F79EFBC}") = "JustinWritesCode.Functions", "JustinWritesCode.Functions.slnproj", "{A41F80A9-3E4A-4911-9450-9A8F406207D4}"
EndProject
Project("{9A19103F-16F7-4668-BE54-9A1E7A4F7556}") = "JustinWritesCode.CodeGeneration.Constants", "..\CodeGeneration\src\Constants\JustinWritesCode.CodeGeneration.Constants.csproj", "{27F31020-9F50-40D2-8491-C72F8B7E5424}"
EndProject
Project("{9A19103F-16F7-4668-BE54-9A1E7A4F7556}") = "JustinWritesCode.CodeGeneration.Extensions", "..\CodeGeneration\src\Extensions\JustinWritesCode.CodeGeneration.Extensions.csproj", "{10F2FEF7-1620-400F-9D27-5A9ACF535CAF}"
EndProject
Project("{9A19103F-16F7-4668-BE54-9A1E7A4F7556}") = "JustinWritesCode.Functions.Arrays", "src\Arrays\JustinWritesCode.Functions.Arrays.csproj", "{CFE00DD4-68B1-4B24-B9FA-26460D52CF85}"
EndProject
Project("{9A19103F-16F7-4668-BE54-9A1E7A4F7556}") = "JustinWritesCode.Functions.Http", "src\Http\JustinWritesCode.Functions.Http.csproj", "{D72CA3CB-9A70-4FCE-93EC-BDA5A57F8A3F}"
EndProject
Project("{9A19103F-16F7-4668-BE54-9A1E7A4F7556}") = "JustinWritesCode.Functions.Numbers", "src\Numbers\JustinWritesCode.Functions.Numbers.csproj", "{F501B268-F3E8-41F0-B474-D45A41C2D038}"
EndProject
Project("{9A19103F-16F7-4668-BE54-9A1E7A4F7556}") = "JustinWritesCode.Functions.Objects", "src\Objects\JustinWritesCode.Functions.Objects.csproj", "{586E3DB5-AC54-4B94-811A-C6D8FF29E845}"
EndProject
Project("{9A19103F-16F7-4668-BE54-9A1E7A4F7556}") = "JustinWritesCode.Abstractions", "..\Types\src\Core\Abstractions\JustinWritesCode.Abstractions.csproj", "{589FCCAE-A32F-4811-9F3F-F2E9BCDF535A}"
EndProject
Project("{9A19103F-16F7-4668-BE54-9A1E7A4F7556}") = "JustinWritesCode.ComponentModel", "..\Types\src\Core\ComponentModel\JustinWritesCode.ComponentModel.csproj", "{573E1F0F-A7A7-41D9-BF7F-662F3F8A1241}"
EndProject
Project("{9A19103F-16F7-4668-BE54-9A1E7A4F7556}") = "JustinWritesCode.Enumerations.CodeGeneration", "..\Types\src\Enumerations\CodeGeneration\JustinWritesCode.Enumerations.CodeGeneration.csproj", "{DBBCB62C-BD10-4291-9CF7-67BC38624A7C}"
EndProject
Project("{9A19103F-16F7-4668-BE54-9A1E7A4F7556}") = "JustinWritesCode.Enumerations.Abstractions", "..\Types\src\Enumerations\Enumeration\Abstractions\JustinWritesCode.Enumerations.Abstractions.csproj", "{073638DA-0786-47DE-947F-DCF5CA068EAE}"
EndProject
Project("{9A19103F-16F7-4668-BE54-9A1E7A4F7556}") = "JustinWritesCode.Enumerations.Enumeration", "..\Types\src\Enumerations\Enumeration\JustinWritesCode.Enumerations.Enumeration.csproj", "{EAEAAA0F-D407-468C-8EDA-B44E58E96B0A}"
EndProject
Project("{9A19103F-16F7-4668-BE54-9A1E7A4F7556}") = "JustinWritesCode.Http.Extensions", "..\Types\src\Http\Extensions\JustinWritesCode.Http.Extensions.csproj", "{1CB8494F-C6F4-4A8E-A4C1-E0BB5EB0CEB7}"
EndProject
Project("{9A19103F-16F7-4668-BE54-9A1E7A4F7556}") = "JustinWritesCode.Payloads", "..\Types\src\Payloads\JustinWritesCode.Payloads.csproj", "{07729E27-9D30-48B5-AB05-9BB89851DB59}"
EndProject
Project("{2150E333-8FDC-42A3-9474-1A3956D46DE8}") = "src", "src", "{FCA2453D-E753-4EEA-AF12-94182C068875}"
EndProject
Project("{2150E333-8FDC-42A3-9474-1A3956D46DE8}") = "Core", "Core", "{ACE055E9-D11B-4AA0-9798-2EAF9D000152}"
EndProject
Project("{2150E333-8FDC-42A3-9474-1A3956D46DE8}") = "Enumerations", "Enumerations", "{0BBD452A-E115-43A5-9669-02A99A609E06}"
EndProject
Project("{2150E333-8FDC-42A3-9474-1A3956D46DE8}") = "Extensions", "Extensions", "{68CBBDC7-C4DF-445B-A8EB-C2B2B0B600F3}"
EndProject
Global
	GlobalSection(SolutionConfigurationPlatforms) = preSolution
		Debug|Any CPU = Debug|Any CPU
		Testing|Any CPU = Testing|Any CPU
		Local|Any CPU = Local|Any CPU
		Staging|Any CPU = Staging|Any CPU
		Release|Any CPU = Release|Any CPU
	EndGlobalSection
	GlobalSection(ProjectConfigurationPlatforms) = postSolution
		{A41F80A9-3E4A-4911-9450-9A8F406207D4}.Debug|Any CPU.ActiveCfg = Debug|Any CPU
		{A41F80A9-3E4A-4911-9450-9A8F406207D4}.Debug|Any CPU.Build.0 = Debug|Any CPU
		{A41F80A9-3E4A-4911-9450-9A8F406207D4}.Testing|Any CPU.ActiveCfg = Debug|Any CPU
		{A41F80A9-3E4A-4911-9450-9A8F406207D4}.Local|Any CPU.ActiveCfg = Debug|Any CPU
		{A41F80A9-3E4A-4911-9450-9A8F406207D4}.Staging|Any CPU.ActiveCfg = Debug|Any CPU
		{A41F80A9-3E4A-4911-9450-9A8F406207D4}.Release|Any CPU.ActiveCfg = Debug|Any CPU
		{27F31020-9F50-40D2-8491-C72F8B7E5424}.Debug|Any CPU.ActiveCfg = Debug|Any CPU
		{27F31020-9F50-40D2-8491-C72F8B7E5424}.Debug|Any CPU.Build.0 = Debug|Any CPU
		{27F31020-9F50-40D2-8491-C72F8B7E5424}.Testing|Any CPU.ActiveCfg = Testing|Any CPU
		{27F31020-9F50-40D2-8491-C72F8B7E5424}.Testing|Any CPU.Build.0 = Testing|Any CPU
		{27F31020-9F50-40D2-8491-C72F8B7E5424}.Local|Any CPU.ActiveCfg = Local|Any CPU
		{27F31020-9F50-40D2-8491-C72F8B7E5424}.Local|Any CPU.Build.0 = Local|Any CPU
		{27F31020-9F50-40D2-8491-C72F8B7E5424}.Staging|Any CPU.ActiveCfg = Staging|Any CPU
		{27F31020-9F50-40D2-8491-C72F8B7E5424}.Staging|Any CPU.Build.0 = Staging|Any CPU
		{27F31020-9F50-40D2-8491-C72F8B7E5424}.Release|Any CPU.ActiveCfg = Release|Any CPU
		{27F31020-9F50-40D2-8491-C72F8B7E5424}.Release|Any CPU.Build.0 = Release|Any CPU
		{10F2FEF7-1620-400F-9D27-5A9ACF535CAF}.Debug|Any CPU.ActiveCfg = Debug|Any CPU
		{10F2FEF7-1620-400F-9D27-5A9ACF535CAF}.Debug|Any CPU.Build.0 = Debug|Any CPU
		{10F2FEF7-1620-400F-9D27-5A9ACF535CAF}.Testing|Any CPU.ActiveCfg = Testing|Any CPU
		{10F2FEF7-1620-400F-9D27-5A9ACF535CAF}.Testing|Any CPU.Build.0 = Testing|Any CPU
		{10F2FEF7-1620-400F-9D27-5A9ACF535CAF}.Local|Any CPU.ActiveCfg = Local|Any CPU
		{10F2FEF7-1620-400F-9D27-5A9ACF535CAF}.Local|Any CPU.Build.0 = Local|Any CPU
		{10F2FEF7-1620-400F-9D27-5A9ACF535CAF}.Staging|Any CPU.ActiveCfg = Staging|Any CPU
		{10F2FEF7-1620-400F-9D27-5A9ACF535CAF}.Staging|Any CPU.Build.0 = Staging|Any CPU
		{10F2FEF7-1620-400F-9D27-5A9ACF535CAF}.Release|Any CPU.ActiveCfg = Release|Any CPU
		{10F2FEF7-1620-400F-9D27-5A9ACF535CAF}.Release|Any CPU.Build.0 = Release|Any CPU
		{CFE00DD4-68B1-4B24-B9FA-26460D52CF85}.Debug|Any CPU.ActiveCfg = Debug|Any CPU
		{CFE00DD4-68B1-4B24-B9FA-26460D52CF85}.Debug|Any CPU.Build.0 = Debug|Any CPU
		{CFE00DD4-68B1-4B24-B9FA-26460D52CF85}.Testing|Any CPU.ActiveCfg = Testing|Any CPU
		{CFE00DD4-68B1-4B24-B9FA-26460D52CF85}.Testing|Any CPU.Build.0 = Testing|Any CPU
		{CFE00DD4-68B1-4B24-B9FA-26460D52CF85}.Local|Any CPU.ActiveCfg = Local|Any CPU
		{CFE00DD4-68B1-4B24-B9FA-26460D52CF85}.Local|Any CPU.Build.0 = Local|Any CPU
		{CFE00DD4-68B1-4B24-B9FA-26460D52CF85}.Staging|Any CPU.ActiveCfg = Staging|Any CPU
		{CFE00DD4-68B1-4B24-B9FA-26460D52CF85}.Staging|Any CPU.Build.0 = Staging|Any CPU
		{CFE00DD4-68B1-4B24-B9FA-26460D52CF85}.Release|Any CPU.ActiveCfg = Release|Any CPU
		{CFE00DD4-68B1-4B24-B9FA-26460D52CF85}.Release|Any CPU.Build.0 = Release|Any CPU
		{D72CA3CB-9A70-4FCE-93EC-BDA5A57F8A3F}.Debug|Any CPU.ActiveCfg = Debug|Any CPU
		{D72CA3CB-9A70-4FCE-93EC-BDA5A57F8A3F}.Debug|Any CPU.Build.0 = Debug|Any CPU
		{D72CA3CB-9A70-4FCE-93EC-BDA5A57F8A3F}.Testing|Any CPU.ActiveCfg = Testing|Any CPU
		{D72CA3CB-9A70-4FCE-93EC-BDA5A57F8A3F}.Testing|Any CPU.Build.0 = Testing|Any CPU
		{D72CA3CB-9A70-4FCE-93EC-BDA5A57F8A3F}.Local|Any CPU.ActiveCfg = Local|Any CPU
		{D72CA3CB-9A70-4FCE-93EC-BDA5A57F8A3F}.Local|Any CPU.Build.0 = Local|Any CPU
		{D72CA3CB-9A70-4FCE-93EC-BDA5A57F8A3F}.Staging|Any CPU.ActiveCfg = Staging|Any CPU
		{D72CA3CB-9A70-4FCE-93EC-BDA5A57F8A3F}.Staging|Any CPU.Build.0 = Staging|Any CPU
		{D72CA3CB-9A70-4FCE-93EC-BDA5A57F8A3F}.Release|Any CPU.ActiveCfg = Release|Any CPU
		{D72CA3CB-9A70-4FCE-93EC-BDA5A57F8A3F}.Release|Any CPU.Build.0 = Release|Any CPU
		{F501B268-F3E8-41F0-B474-D45A41C2D038}.Debug|Any CPU.ActiveCfg = Debug|Any CPU
		{F501B268-F3E8-41F0-B474-D45A41C2D038}.Debug|Any CPU.Build.0 = Debug|Any CPU
		{F501B268-F3E8-41F0-B474-D45A41C2D038}.Testing|Any CPU.ActiveCfg = Testing|Any CPU
		{F501B268-F3E8-41F0-B474-D45A41C2D038}.Testing|Any CPU.Build.0 = Testing|Any CPU
		{F501B268-F3E8-41F0-B474-D45A41C2D038}.Local|Any CPU.ActiveCfg = Local|Any CPU
		{F501B268-F3E8-41F0-B474-D45A41C2D038}.Local|Any CPU.Build.0 = Local|Any CPU
		{F501B268-F3E8-41F0-B474-D45A41C2D038}.Staging|Any CPU.ActiveCfg = Staging|Any CPU
		{F501B268-F3E8-41F0-B474-D45A41C2D038}.Staging|Any CPU.Build.0 = Staging|Any CPU
		{F501B268-F3E8-41F0-B474-D45A41C2D038}.Release|Any CPU.ActiveCfg = Release|Any CPU
		{F501B268-F3E8-41F0-B474-D45A41C2D038}.Release|Any CPU.Build.0 = Release|Any CPU
		{586E3DB5-AC54-4B94-811A-C6D8FF29E845}.Debug|Any CPU.ActiveCfg = Debug|Any CPU
		{586E3DB5-AC54-4B94-811A-C6D8FF29E845}.Debug|Any CPU.Build.0 = Debug|Any CPU
		{586E3DB5-AC54-4B94-811A-C6D8FF29E845}.Testing|Any CPU.ActiveCfg = Testing|Any CPU
		{586E3DB5-AC54-4B94-811A-C6D8FF29E845}.Testing|Any CPU.Build.0 = Testing|Any CPU
		{586E3DB5-AC54-4B94-811A-C6D8FF29E845}.Local|Any CPU.ActiveCfg = Local|Any CPU
		{586E3DB5-AC54-4B94-811A-C6D8FF29E845}.Local|Any CPU.Build.0 = Local|Any CPU
		{586E3DB5-AC54-4B94-811A-C6D8FF29E845}.Staging|Any CPU.ActiveCfg = Staging|Any CPU
		{586E3DB5-AC54-4B94-811A-C6D8FF29E845}.Staging|Any CPU.Build.0 = Staging|Any CPU
		{586E3DB5-AC54-4B94-811A-C6D8FF29E845}.Release|Any CPU.ActiveCfg = Release|Any CPU
		{586E3DB5-AC54-4B94-811A-C6D8FF29E845}.Release|Any CPU.Build.0 = Release|Any CPU
		{589FCCAE-A32F-4811-9F3F-F2E9BCDF535A}.Debug|Any CPU.ActiveCfg = Debug|Any CPU
		{589FCCAE-A32F-4811-9F3F-F2E9BCDF535A}.Debug|Any CPU.Build.0 = Debug|Any CPU
		{589FCCAE-A32F-4811-9F3F-F2E9BCDF535A}.Testing|Any CPU.ActiveCfg = Testing|Any CPU
		{589FCCAE-A32F-4811-9F3F-F2E9BCDF535A}.Testing|Any CPU.Build.0 = Testing|Any CPU
		{589FCCAE-A32F-4811-9F3F-F2E9BCDF535A}.Local|Any CPU.ActiveCfg = Local|Any CPU
		{589FCCAE-A32F-4811-9F3F-F2E9BCDF535A}.Local|Any CPU.Build.0 = Local|Any CPU
		{589FCCAE-A32F-4811-9F3F-F2E9BCDF535A}.Staging|Any CPU.ActiveCfg = Staging|Any CPU
		{589FCCAE-A32F-4811-9F3F-F2E9BCDF535A}.Staging|Any CPU.Build.0 = Staging|Any CPU
		{589FCCAE-A32F-4811-9F3F-F2E9BCDF535A}.Release|Any CPU.ActiveCfg = Release|Any CPU
		{589FCCAE-A32F-4811-9F3F-F2E9BCDF535A}.Release|Any CPU.Build.0 = Release|Any CPU
		{573E1F0F-A7A7-41D9-BF7F-662F3F8A1241}.Debug|Any CPU.ActiveCfg = Debug|Any CPU
		{573E1F0F-A7A7-41D9-BF7F-662F3F8A1241}.Debug|Any CPU.Build.0 = Debug|Any CPU
		{573E1F0F-A7A7-41D9-BF7F-662F3F8A1241}.Testing|Any CPU.ActiveCfg = Testing|Any CPU
		{573E1F0F-A7A7-41D9-BF7F-662F3F8A1241}.Testing|Any CPU.Build.0 = Testing|Any CPU
		{573E1F0F-A7A7-41D9-BF7F-662F3F8A1241}.Local|Any CPU.ActiveCfg = Local|Any CPU
		{573E1F0F-A7A7-41D9-BF7F-662F3F8A1241}.Local|Any CPU.Build.0 = Local|Any CPU
		{573E1F0F-A7A7-41D9-BF7F-662F3F8A1241}.Staging|Any CPU.ActiveCfg = Staging|Any CPU
		{573E1F0F-A7A7-41D9-BF7F-662F3F8A1241}.Staging|Any CPU.Build.0 = Staging|Any CPU
		{573E1F0F-A7A7-41D9-BF7F-662F3F8A1241}.Release|Any CPU.ActiveCfg = Release|Any CPU
		{573E1F0F-A7A7-41D9-BF7F-662F3F8A1241}.Release|Any CPU.Build.0 = Release|Any CPU
		{DBBCB62C-BD10-4291-9CF7-67BC38624A7C}.Debug|Any CPU.ActiveCfg = Debug|Any CPU
		{DBBCB62C-BD10-4291-9CF7-67BC38624A7C}.Debug|Any CPU.Build.0 = Debug|Any CPU
		{DBBCB62C-BD10-4291-9CF7-67BC38624A7C}.Testing|Any CPU.ActiveCfg = Testing|Any CPU
		{DBBCB62C-BD10-4291-9CF7-67BC38624A7C}.Testing|Any CPU.Build.0 = Testing|Any CPU
		{DBBCB62C-BD10-4291-9CF7-67BC38624A7C}.Local|Any CPU.ActiveCfg = Local|Any CPU
		{DBBCB62C-BD10-4291-9CF7-67BC38624A7C}.Local|Any CPU.Build.0 = Local|Any CPU
		{DBBCB62C-BD10-4291-9CF7-67BC38624A7C}.Staging|Any CPU.ActiveCfg = Staging|Any CPU
		{DBBCB62C-BD10-4291-9CF7-67BC38624A7C}.Staging|Any CPU.Build.0 = Staging|Any CPU
		{DBBCB62C-BD10-4291-9CF7-67BC38624A7C}.Release|Any CPU.ActiveCfg = Release|Any CPU
		{DBBCB62C-BD10-4291-9CF7-67BC38624A7C}.Release|Any CPU.Build.0 = Release|Any CPU
		{073638DA-0786-47DE-947F-DCF5CA068EAE}.Debug|Any CPU.ActiveCfg = Debug|Any CPU
		{073638DA-0786-47DE-947F-DCF5CA068EAE}.Debug|Any CPU.Build.0 = Debug|Any CPU
		{073638DA-0786-47DE-947F-DCF5CA068EAE}.Testing|Any CPU.ActiveCfg = Testing|Any CPU
		{073638DA-0786-47DE-947F-DCF5CA068EAE}.Testing|Any CPU.Build.0 = Testing|Any CPU
		{073638DA-0786-47DE-947F-DCF5CA068EAE}.Local|Any CPU.ActiveCfg = Local|Any CPU
		{073638DA-0786-47DE-947F-DCF5CA068EAE}.Local|Any CPU.Build.0 = Local|Any CPU
		{073638DA-0786-47DE-947F-DCF5CA068EAE}.Staging|Any CPU.ActiveCfg = Staging|Any CPU
		{073638DA-0786-47DE-947F-DCF5CA068EAE}.Staging|Any CPU.Build.0 = Staging|Any CPU
		{073638DA-0786-47DE-947F-DCF5CA068EAE}.Release|Any CPU.ActiveCfg = Release|Any CPU
		{073638DA-0786-47DE-947F-DCF5CA068EAE}.Release|Any CPU.Build.0 = Release|Any CPU
		{EAEAAA0F-D407-468C-8EDA-B44E58E96B0A}.Debug|Any CPU.ActiveCfg = Debug|Any CPU
		{EAEAAA0F-D407-468C-8EDA-B44E58E96B0A}.Debug|Any CPU.Build.0 = Debug|Any CPU
		{EAEAAA0F-D407-468C-8EDA-B44E58E96B0A}.Testing|Any CPU.ActiveCfg = Testing|Any CPU
		{EAEAAA0F-D407-468C-8EDA-B44E58E96B0A}.Testing|Any CPU.Build.0 = Testing|Any CPU
		{EAEAAA0F-D407-468C-8EDA-B44E58E96B0A}.Local|Any CPU.ActiveCfg = Local|Any CPU
		{EAEAAA0F-D407-468C-8EDA-B44E58E96B0A}.Local|Any CPU.Build.0 = Local|Any CPU
		{EAEAAA0F-D407-468C-8EDA-B44E58E96B0A}.Staging|Any CPU.ActiveCfg = Staging|Any CPU
		{EAEAAA0F-D407-468C-8EDA-B44E58E96B0A}.Staging|Any CPU.Build.0 = Staging|Any CPU
		{EAEAAA0F-D407-468C-8EDA-B44E58E96B0A}.Release|Any CPU.ActiveCfg = Release|Any CPU
		{EAEAAA0F-D407-468C-8EDA-B44E58E96B0A}.Release|Any CPU.Build.0 = Release|Any CPU
		{1CB8494F-C6F4-4A8E-A4C1-E0BB5EB0CEB7}.Debug|Any CPU.ActiveCfg = Debug|Any CPU
		{1CB8494F-C6F4-4A8E-A4C1-E0BB5EB0CEB7}.Debug|Any CPU.Build.0 = Debug|Any CPU
		{1CB8494F-C6F4-4A8E-A4C1-E0BB5EB0CEB7}.Testing|Any CPU.ActiveCfg = Testing|Any CPU
		{1CB8494F-C6F4-4A8E-A4C1-E0BB5EB0CEB7}.Testing|Any CPU.Build.0 = Testing|Any CPU
		{1CB8494F-C6F4-4A8E-A4C1-E0BB5EB0CEB7}.Local|Any CPU.ActiveCfg = Local|Any CPU
		{1CB8494F-C6F4-4A8E-A4C1-E0BB5EB0CEB7}.Local|Any CPU.Build.0 = Local|Any CPU
		{1CB8494F-C6F4-4A8E-A4C1-E0BB5EB0CEB7}.Staging|Any CPU.ActiveCfg = Staging|Any CPU
		{1CB8494F-C6F4-4A8E-A4C1-E0BB5EB0CEB7}.Staging|Any CPU.Build.0 = Staging|Any CPU
		{1CB8494F-C6F4-4A8E-A4C1-E0BB5EB0CEB7}.Release|Any CPU.ActiveCfg = Release|Any CPU
		{1CB8494F-C6F4-4A8E-A4C1-E0BB5EB0CEB7}.Release|Any CPU.Build.0 = Release|Any CPU
		{07729E27-9D30-48B5-AB05-9BB89851DB59}.Debug|Any CPU.ActiveCfg = Debug|Any CPU
		{07729E27-9D30-48B5-AB05-9BB89851DB59}.Debug|Any CPU.Build.0 = Debug|Any CPU
		{07729E27-9D30-48B5-AB05-9BB89851DB59}.Testing|Any CPU.ActiveCfg = Testing|Any CPU
		{07729E27-9D30-48B5-AB05-9BB89851DB59}.Testing|Any CPU.Build.0 = Testing|Any CPU
		{07729E27-9D30-48B5-AB05-9BB89851DB59}.Local|Any CPU.ActiveCfg = Local|Any CPU
		{07729E27-9D30-48B5-AB05-9BB89851DB59}.Local|Any CPU.Build.0 = Local|Any CPU
		{07729E27-9D30-48B5-AB05-9BB89851DB59}.Staging|Any CPU.ActiveCfg = Staging|Any CPU
		{07729E27-9D30-48B5-AB05-9BB89851DB59}.Staging|Any CPU.Build.0 = Staging|Any CPU
		{07729E27-9D30-48B5-AB05-9BB89851DB59}.Release|Any CPU.ActiveCfg = Release|Any CPU
		{07729E27-9D30-48B5-AB05-9BB89851DB59}.Release|Any CPU.Build.0 = Release|Any CPU
	EndGlobalSection
	GlobalSection(SolutionProperties) = preSolution
		HideSolutionNode = FALSE
	EndGlobalSection
	GlobalSection(NestedProjects) = preSolution
		{27F31020-9F50-40D2-8491-C72F8B7E5424} = {FCA2453D-E753-4EEA-AF12-94182C068875}
		{10F2FEF7-1620-400F-9D27-5A9ACF535CAF} = {FCA2453D-E753-4EEA-AF12-94182C068875}
		{CFE00DD4-68B1-4B24-B9FA-26460D52CF85} = {FCA2453D-E753-4EEA-AF12-94182C068875}
		{D72CA3CB-9A70-4FCE-93EC-BDA5A57F8A3F} = {FCA2453D-E753-4EEA-AF12-94182C068875}
		{F501B268-F3E8-41F0-B474-D45A41C2D038} = {FCA2453D-E753-4EEA-AF12-94182C068875}
		{586E3DB5-AC54-4B94-811A-C6D8FF29E845} = {FCA2453D-E753-4EEA-AF12-94182C068875}
		{07729E27-9D30-48B5-AB05-9BB89851DB59} = {FCA2453D-E753-4EEA-AF12-94182C068875}
		{589FCCAE-A32F-4811-9F3F-F2E9BCDF535A} = {ACE055E9-D11B-4AA0-9798-2EAF9D000152}
		{573E1F0F-A7A7-41D9-BF7F-662F3F8A1241} = {ACE055E9-D11B-4AA0-9798-2EAF9D000152}
		{DBBCB62C-BD10-4291-9CF7-67BC38624A7C} = {0BBD452A-E115-43A5-9669-02A99A609E06}
		{073638DA-0786-47DE-947F-DCF5CA068EAE} = {0BBD452A-E115-43A5-9669-02A99A609E06}
		{EAEAAA0F-D407-468C-8EDA-B44E58E96B0A} = {0BBD452A-E115-43A5-9669-02A99A609E06}
		{1CB8494F-C6F4-4A8E-A4C1-E0BB5EB0CEB7} = {68CBBDC7-C4DF-445B-A8EB-C2B2B0B600F3}
	EndGlobalSection
	GlobalSection(ExtensibilityGlobals) = postSolution
		SolutionGuid = {5E2D6096-558B-4942-B9EB-6DFBE886B3CC}
	EndGlobalSection
EndGlobal
