Microsoft Visual Studio Solution File, Format Version 12.00
Project("{9A19103F-16F7-4668-BE54-9A1E7A4F7556}") = "JustinWritesCode.AzureFunctions", "JustinWritesCode.AzureFunctions.csproj", "{94EA97EA-B3F6-4566-A478-C87F152B756E}"
EndProject
Project("{2150E333-8FDC-42A3-9474-1A3956D46DE8}") = "src", "src", "{2283645D-0BD8-4CBB-8C42-36ABF60A2671}"
EndProject
Global
	GlobalSection(SolutionConfigurationPlatforms) = preSolution
		Local|Any CPU = Local|Any CPU
		Debug|Any CPU = Debug|Any CPU
		Staging|Any CPU = Staging|Any CPU
		Release|Any CPU = Release|Any CPU
		Testing|Any CPU = Testing|Any CPU
	EndGlobalSection
	GlobalSection(ProjectConfigurationPlatforms) = postSolution
		{94EA97EA-B3F6-4566-A478-C87F152B756E}.Local|Any CPU.ActiveCfg = Local|Any CPU
		{94EA97EA-B3F6-4566-A478-C87F152B756E}.Local|Any CPU.Build.0 = Local|Any CPU
		{94EA97EA-B3F6-4566-A478-C87F152B756E}.Debug|Any CPU.ActiveCfg = Debug|Any CPU
		{94EA97EA-B3F6-4566-A478-C87F152B756E}.Debug|Any CPU.Build.0 = Debug|Any CPU
		{94EA97EA-B3F6-4566-A478-C87F152B756E}.Staging|Any CPU.ActiveCfg = Staging|Any CPU
		{94EA97EA-B3F6-4566-A478-C87F152B756E}.Staging|Any CPU.Build.0 = Staging|Any CPU
		{94EA97EA-B3F6-4566-A478-C87F152B756E}.Release|Any CPU.ActiveCfg = Release|Any CPU
		{94EA97EA-B3F6-4566-A478-C87F152B756E}.Release|Any CPU.Build.0 = Release|Any CPU
		{94EA97EA-B3F6-4566-A478-C87F152B756E}.Testing|Any CPU.ActiveCfg = Testing|Any CPU
		{94EA97EA-B3F6-4566-A478-C87F152B756E}.Testing|Any CPU.Build.0 = Testing|Any CPU
	EndGlobalSection
	GlobalSection(SolutionProperties) = preSolution
		HideSolutionNode = FALSE
	EndGlobalSection
	GlobalSection(NestedProjects) = preSolution
		{94EA97EA-B3F6-4566-A478-C87F152B756E} = {2283645D-0BD8-4CBB-8C42-36ABF60A2671}
	EndGlobalSection
	GlobalSection(ExtensibilityGlobals) = postSolution
		SolutionGuid = {6CFD515C-D0D5-4A42-976B-246299B15640}
	EndGlobalSection
EndGlobal
